// !$*UTF8*$!
{
	archiveVersion = 1;
	classes = {
	};
	objectVersion = 46;
	objects = {

/* Begin PBXBuildFile section */
		7B21979C1B213BF100943D1D /* NoticeModel.m in Sources */ = {isa = PBXBuildFile; fileRef = 7B21979B1B213BF100943D1D /* NoticeModel.m */; };
		7B21979F1B213CA800943D1D /* EventModel.m in Sources */ = {isa = PBXBuildFile; fileRef = 7B21979E1B213CA800943D1D /* EventModel.m */; };
		7B2197A21B213D6900943D1D /* PromCommitteeModel.m in Sources */ = {isa = PBXBuildFile; fileRef = 7B2197A11B213D6900943D1D /* PromCommitteeModel.m */; };
		7B2197A51B213DD800943D1D /* CommitteeRoleModel.m in Sources */ = {isa = PBXBuildFile; fileRef = 7B2197A41B213DD800943D1D /* CommitteeRoleModel.m */; };
		7B2197A81B213E8500943D1D /* StudentModel.m in Sources */ = {isa = PBXBuildFile; fileRef = 7B2197A71B213E8500943D1D /* StudentModel.m */; };
		7B2197AB1B213F2900943D1D /* DocumentModel.m in Sources */ = {isa = PBXBuildFile; fileRef = 7B2197AA1B213F2900943D1D /* DocumentModel.m */; };
		7B2197AE1B21403400943D1D /* FundModel.m in Sources */ = {isa = PBXBuildFile; fileRef = 7B2197AD1B21403400943D1D /* FundModel.m */; };
		7B2197B11B21410E00943D1D /* InstitutionModel.m in Sources */ = {isa = PBXBuildFile; fileRef = 7B2197B01B21410E00943D1D /* InstitutionModel.m */; };
		7B2197B41B2141A500943D1D /* CourseModel.m in Sources */ = {isa = PBXBuildFile; fileRef = 7B2197B31B2141A500943D1D /* CourseModel.m */; };
		7B2197B71B21444A00943D1D /* NeighborhoodModel.m in Sources */ = {isa = PBXBuildFile; fileRef = 7B2197B61B21444A00943D1D /* NeighborhoodModel.m */; };
		7B2197BA1B21449A00943D1D /* CityModel.m in Sources */ = {isa = PBXBuildFile; fileRef = 7B2197B91B21449A00943D1D /* CityModel.m */; };
		7B2197BD1B21452800943D1D /* StateModel.m in Sources */ = {isa = PBXBuildFile; fileRef = 7B2197BC1B21452800943D1D /* StateModel.m */; };
		7B2197C01B2146B400943D1D /* BankSlipModel.m in Sources */ = {isa = PBXBuildFile; fileRef = 7B2197BF1B2146B400943D1D /* BankSlipModel.m */; };
		7B2197C31B21470B00943D1D /* BankSlipTypeModel.m in Sources */ = {isa = PBXBuildFile; fileRef = 7B2197C21B21470B00943D1D /* BankSlipTypeModel.m */; };
		7B2197C61B214A9000943D1D /* FundHasStudentModel.m in Sources */ = {isa = PBXBuildFile; fileRef = 7B2197C51B214A9000943D1D /* FundHasStudentModel.m */; };
		7B2197C91B214C2D00943D1D /* DefaultingModel.m in Sources */ = {isa = PBXBuildFile; fileRef = 7B2197C81B214C2D00943D1D /* DefaultingModel.m */; };
		7BEB29EC1B1EA30900FDFD18 /* main.m in Sources */ = {isa = PBXBuildFile; fileRef = 7BEB29EB1B1EA30900FDFD18 /* main.m */; };
		7BEB29EF1B1EA30900FDFD18 /* AppDelegate.m in Sources */ = {isa = PBXBuildFile; fileRef = 7BEB29EE1B1EA30900FDFD18 /* AppDelegate.m */; };
		7BEB29F21B1EA30900FDFD18 /* MainViewController.m in Sources */ = {isa = PBXBuildFile; fileRef = 7BEB29F11B1EA30900FDFD18 /* MainViewController.m */; };
		7BEB29F51B1EA30900FDFD18 /* Main.storyboard in Resources */ = {isa = PBXBuildFile; fileRef = 7BEB29F31B1EA30900FDFD18 /* Main.storyboard */; };
		7BEB29F71B1EA30900FDFD18 /* Images.xcassets in Resources */ = {isa = PBXBuildFile; fileRef = 7BEB29F61B1EA30900FDFD18 /* Images.xcassets */; };
		7BEB29FA1B1EA30900FDFD18 /* LaunchScreen.xib in Resources */ = {isa = PBXBuildFile; fileRef = 7BEB29F81B1EA30900FDFD18 /* LaunchScreen.xib */; };
		7BEB2A061B1EA30900FDFD18 /* Graduation_FundsTests.m in Sources */ = {isa = PBXBuildFile; fileRef = 7BEB2A051B1EA30900FDFD18 /* Graduation_FundsTests.m */; };
		7BFB13591B292C0B00E2E679 /* Model.xcdatamodeld in Sources */ = {isa = PBXBuildFile; fileRef = 7BFB13571B292C0B00E2E679 /* Model.xcdatamodeld */; };
/* End PBXBuildFile section */

/* Begin PBXContainerItemProxy section */
		7BEB2A001B1EA30900FDFD18 /* PBXContainerItemProxy */ = {
			isa = PBXContainerItemProxy;
			containerPortal = 7BEB29DE1B1EA30900FDFD18 /* Project object */;
			proxyType = 1;
			remoteGlobalIDString = 7BEB29E51B1EA30900FDFD18;
			remoteInfo = "Graduation Funds";
		};
/* End PBXContainerItemProxy section */

/* Begin PBXFileReference section */
		7B21979A1B213BF100943D1D /* NoticeModel.h */ = {isa = PBXFileReference; fileEncoding = 4; lastKnownFileType = sourcecode.c.h; name = NoticeModel.h; path = "Model/Model Subclasses/NoticeModel.h"; sourceTree = "<group>"; };
		7B21979B1B213BF100943D1D /* NoticeModel.m */ = {isa = PBXFileReference; fileEncoding = 4; lastKnownFileType = sourcecode.c.objc; name = NoticeModel.m; path = "Model/Model Subclasses/NoticeModel.m"; sourceTree = "<group>"; };
		7B21979D1B213CA800943D1D /* EventModel.h */ = {isa = PBXFileReference; fileEncoding = 4; lastKnownFileType = sourcecode.c.h; name = EventModel.h; path = "Model/Model Subclasses/EventModel.h"; sourceTree = "<group>"; };
		7B21979E1B213CA800943D1D /* EventModel.m */ = {isa = PBXFileReference; fileEncoding = 4; lastKnownFileType = sourcecode.c.objc; name = EventModel.m; path = "Model/Model Subclasses/EventModel.m"; sourceTree = "<group>"; };
		7B2197A01B213D6900943D1D /* PromCommitteeModel.h */ = {isa = PBXFileReference; fileEncoding = 4; lastKnownFileType = sourcecode.c.h; name = PromCommitteeModel.h; path = "Model/Model Subclasses/PromCommitteeModel.h"; sourceTree = "<group>"; };
		7B2197A11B213D6900943D1D /* PromCommitteeModel.m */ = {isa = PBXFileReference; fileEncoding = 4; lastKnownFileType = sourcecode.c.objc; name = PromCommitteeModel.m; path = "Model/Model Subclasses/PromCommitteeModel.m"; sourceTree = "<group>"; };
		7B2197A31B213DD800943D1D /* CommitteeRoleModel.h */ = {isa = PBXFileReference; fileEncoding = 4; lastKnownFileType = sourcecode.c.h; name = CommitteeRoleModel.h; path = "Model/Model Subclasses/CommitteeRoleModel.h"; sourceTree = "<group>"; };
		7B2197A41B213DD800943D1D /* CommitteeRoleModel.m */ = {isa = PBXFileReference; fileEncoding = 4; lastKnownFileType = sourcecode.c.objc; name = CommitteeRoleModel.m; path = "Model/Model Subclasses/CommitteeRoleModel.m"; sourceTree = "<group>"; };
		7B2197A61B213E8500943D1D /* StudentModel.h */ = {isa = PBXFileReference; fileEncoding = 4; lastKnownFileType = sourcecode.c.h; name = StudentModel.h; path = "Model/Model Subclasses/StudentModel.h"; sourceTree = "<group>"; };
		7B2197A71B213E8500943D1D /* StudentModel.m */ = {isa = PBXFileReference; fileEncoding = 4; lastKnownFileType = sourcecode.c.objc; name = StudentModel.m; path = "Model/Model Subclasses/StudentModel.m"; sourceTree = "<group>"; };
		7B2197A91B213F2900943D1D /* DocumentModel.h */ = {isa = PBXFileReference; fileEncoding = 4; lastKnownFileType = sourcecode.c.h; name = DocumentModel.h; path = "Model/Model Subclasses/DocumentModel.h"; sourceTree = "<group>"; };
		7B2197AA1B213F2900943D1D /* DocumentModel.m */ = {isa = PBXFileReference; fileEncoding = 4; lastKnownFileType = sourcecode.c.objc; name = DocumentModel.m; path = "Model/Model Subclasses/DocumentModel.m"; sourceTree = "<group>"; };
		7B2197AC1B21403400943D1D /* FundModel.h */ = {isa = PBXFileReference; fileEncoding = 4; lastKnownFileType = sourcecode.c.h; name = FundModel.h; path = "Model/Model Subclasses/FundModel.h"; sourceTree = "<group>"; };
		7B2197AD1B21403400943D1D /* FundModel.m */ = {isa = PBXFileReference; fileEncoding = 4; lastKnownFileType = sourcecode.c.objc; name = FundModel.m; path = "Model/Model Subclasses/FundModel.m"; sourceTree = "<group>"; };
		7B2197AF1B21410E00943D1D /* InstitutionModel.h */ = {isa = PBXFileReference; fileEncoding = 4; lastKnownFileType = sourcecode.c.h; name = InstitutionModel.h; path = "Model/Model Subclasses/InstitutionModel.h"; sourceTree = "<group>"; };
		7B2197B01B21410E00943D1D /* InstitutionModel.m */ = {isa = PBXFileReference; fileEncoding = 4; lastKnownFileType = sourcecode.c.objc; name = InstitutionModel.m; path = "Model/Model Subclasses/InstitutionModel.m"; sourceTree = "<group>"; };
		7B2197B21B2141A500943D1D /* CourseModel.h */ = {isa = PBXFileReference; fileEncoding = 4; lastKnownFileType = sourcecode.c.h; name = CourseModel.h; path = "Model/Model Subclasses/CourseModel.h"; sourceTree = "<group>"; };
		7B2197B31B2141A500943D1D /* CourseModel.m */ = {isa = PBXFileReference; fileEncoding = 4; lastKnownFileType = sourcecode.c.objc; name = CourseModel.m; path = "Model/Model Subclasses/CourseModel.m"; sourceTree = "<group>"; };
		7B2197B51B21444A00943D1D /* NeighborhoodModel.h */ = {isa = PBXFileReference; fileEncoding = 4; lastKnownFileType = sourcecode.c.h; name = NeighborhoodModel.h; path = "Model/Model Subclasses/NeighborhoodModel.h"; sourceTree = "<group>"; };
		7B2197B61B21444A00943D1D /* NeighborhoodModel.m */ = {isa = PBXFileReference; fileEncoding = 4; lastKnownFileType = sourcecode.c.objc; name = NeighborhoodModel.m; path = "Model/Model Subclasses/NeighborhoodModel.m"; sourceTree = "<group>"; };
		7B2197B81B21449A00943D1D /* CityModel.h */ = {isa = PBXFileReference; fileEncoding = 4; lastKnownFileType = sourcecode.c.h; name = CityModel.h; path = "Model/Model Subclasses/CityModel.h"; sourceTree = "<group>"; };
		7B2197B91B21449A00943D1D /* CityModel.m */ = {isa = PBXFileReference; fileEncoding = 4; lastKnownFileType = sourcecode.c.objc; name = CityModel.m; path = "Model/Model Subclasses/CityModel.m"; sourceTree = "<group>"; };
		7B2197BB1B21452800943D1D /* StateModel.h */ = {isa = PBXFileReference; fileEncoding = 4; lastKnownFileType = sourcecode.c.h; name = StateModel.h; path = "Model/Model Subclasses/StateModel.h"; sourceTree = "<group>"; };
		7B2197BC1B21452800943D1D /* StateModel.m */ = {isa = PBXFileReference; fileEncoding = 4; lastKnownFileType = sourcecode.c.objc; name = StateModel.m; path = "Model/Model Subclasses/StateModel.m"; sourceTree = "<group>"; };
		7B2197BE1B2146B400943D1D /* BankSlipModel.h */ = {isa = PBXFileReference; fileEncoding = 4; lastKnownFileType = sourcecode.c.h; name = BankSlipModel.h; path = "Model/Model Subclasses/BankSlipModel.h"; sourceTree = "<group>"; };
		7B2197BF1B2146B400943D1D /* BankSlipModel.m */ = {isa = PBXFileReference; fileEncoding = 4; lastKnownFileType = sourcecode.c.objc; name = BankSlipModel.m; path = "Model/Model Subclasses/BankSlipModel.m"; sourceTree = "<group>"; };
		7B2197C11B21470B00943D1D /* BankSlipTypeModel.h */ = {isa = PBXFileReference; fileEncoding = 4; lastKnownFileType = sourcecode.c.h; name = BankSlipTypeModel.h; path = "Model/Model Subclasses/BankSlipTypeModel.h"; sourceTree = "<group>"; };
		7B2197C21B21470B00943D1D /* BankSlipTypeModel.m */ = {isa = PBXFileReference; fileEncoding = 4; lastKnownFileType = sourcecode.c.objc; name = BankSlipTypeModel.m; path = "Model/Model Subclasses/BankSlipTypeModel.m"; sourceTree = "<group>"; };
		7B2197C41B214A9000943D1D /* FundHasStudentModel.h */ = {isa = PBXFileReference; fileEncoding = 4; lastKnownFileType = sourcecode.c.h; name = FundHasStudentModel.h; path = "Model/Model Subclasses/FundHasStudentModel.h"; sourceTree = "<group>"; };
		7B2197C51B214A9000943D1D /* FundHasStudentModel.m */ = {isa = PBXFileReference; fileEncoding = 4; lastKnownFileType = sourcecode.c.objc; name = FundHasStudentModel.m; path = "Model/Model Subclasses/FundHasStudentModel.m"; sourceTree = "<group>"; };
		7B2197C71B214C2D00943D1D /* DefaultingModel.h */ = {isa = PBXFileReference; fileEncoding = 4; lastKnownFileType = sourcecode.c.h; name = DefaultingModel.h; path = "Model/Model Subclasses/DefaultingModel.h"; sourceTree = "<group>"; };
		7B2197C81B214C2D00943D1D /* DefaultingModel.m */ = {isa = PBXFileReference; fileEncoding = 4; lastKnownFileType = sourcecode.c.objc; name = DefaultingModel.m; path = "Model/Model Subclasses/DefaultingModel.m"; sourceTree = "<group>"; };
		7BEB29E61B1EA30900FDFD18 /* Graduation Funds.app */ = {isa = PBXFileReference; explicitFileType = wrapper.application; includeInIndex = 0; path = "Graduation Funds.app"; sourceTree = BUILT_PRODUCTS_DIR; };
		7BEB29EA1B1EA30900FDFD18 /* Info.plist */ = {isa = PBXFileReference; lastKnownFileType = text.plist.xml; path = Info.plist; sourceTree = "<group>"; };
		7BEB29EB1B1EA30900FDFD18 /* main.m */ = {isa = PBXFileReference; lastKnownFileType = sourcecode.c.objc; path = main.m; sourceTree = "<group>"; };
		7BEB29ED1B1EA30900FDFD18 /* AppDelegate.h */ = {isa = PBXFileReference; lastKnownFileType = sourcecode.c.h; path = AppDelegate.h; sourceTree = "<group>"; };
		7BEB29EE1B1EA30900FDFD18 /* AppDelegate.m */ = {isa = PBXFileReference; lastKnownFileType = sourcecode.c.objc; path = AppDelegate.m; sourceTree = "<group>"; };
		7BEB29F01B1EA30900FDFD18 /* MainViewController.h */ = {isa = PBXFileReference; lastKnownFileType = sourcecode.c.h; path = MainViewController.h; sourceTree = "<group>"; };
		7BEB29F11B1EA30900FDFD18 /* MainViewController.m */ = {isa = PBXFileReference; lastKnownFileType = sourcecode.c.objc; path = MainViewController.m; sourceTree = "<group>"; };
		7BEB29F41B1EA30900FDFD18 /* Base */ = {isa = PBXFileReference; lastKnownFileType = file.storyboard; name = Base; path = Base.lproj/Main.storyboard; sourceTree = "<group>"; };
		7BEB29F61B1EA30900FDFD18 /* Images.xcassets */ = {isa = PBXFileReference; lastKnownFileType = folder.assetcatalog; path = Images.xcassets; sourceTree = "<group>"; };
		7BEB29F91B1EA30900FDFD18 /* Base */ = {isa = PBXFileReference; lastKnownFileType = file.xib; name = Base; path = Base.lproj/LaunchScreen.xib; sourceTree = "<group>"; };
		7BEB29FF1B1EA30900FDFD18 /* Graduation FundsTests.xctest */ = {isa = PBXFileReference; explicitFileType = wrapper.cfbundle; includeInIndex = 0; path = "Graduation FundsTests.xctest"; sourceTree = BUILT_PRODUCTS_DIR; };
		7BEB2A041B1EA30900FDFD18 /* Info.plist */ = {isa = PBXFileReference; lastKnownFileType = text.plist.xml; path = Info.plist; sourceTree = "<group>"; };
		7BEB2A051B1EA30900FDFD18 /* Graduation_FundsTests.m */ = {isa = PBXFileReference; lastKnownFileType = sourcecode.c.objc; path = Graduation_FundsTests.m; sourceTree = "<group>"; };
		7BFB13581B292C0B00E2E679 /* Model.xcdatamodel */ = {isa = PBXFileReference; lastKnownFileType = wrapper.xcdatamodel; path = Model.xcdatamodel; sourceTree = "<group>"; };
/* End PBXFileReference section */

/* Begin PBXFrameworksBuildPhase section */
		7BEB29E31B1EA30900FDFD18 /* Frameworks */ = {
			isa = PBXFrameworksBuildPhase;
			buildActionMask = 2147483647;
			files = (
			);
			runOnlyForDeploymentPostprocessing = 0;
		};
		7BEB29FC1B1EA30900FDFD18 /* Frameworks */ = {
			isa = PBXFrameworksBuildPhase;
			buildActionMask = 2147483647;
			files = (
			);
			runOnlyForDeploymentPostprocessing = 0;
		};
/* End PBXFrameworksBuildPhase section */

/* Begin PBXGroup section */
		7B2197981B213BBA00943D1D /* Model */ = {
			isa = PBXGroup;
			children = (
				7B2197991B213BC700943D1D /* Model Subclasses */,
				7BFB13571B292C0B00E2E679 /* Model.xcdatamodeld */,
			);
			name = Model;
			sourceTree = "<group>";
		};
		7B2197991B213BC700943D1D /* Model Subclasses */ = {
			isa = PBXGroup;
			children = (
				7B2197A31B213DD800943D1D /* CommitteeRoleModel.h */,
				7B2197A41B213DD800943D1D /* CommitteeRoleModel.m */,
				7B2197B21B2141A500943D1D /* CourseModel.h */,
				7B2197B31B2141A500943D1D /* CourseModel.m */,
				7B2197A91B213F2900943D1D /* DocumentModel.h */,
				7B2197AA1B213F2900943D1D /* DocumentModel.m */,
				7B21979D1B213CA800943D1D /* EventModel.h */,
				7B21979E1B213CA800943D1D /* EventModel.m */,
				7B2197AC1B21403400943D1D /* FundModel.h */,
				7B2197AD1B21403400943D1D /* FundModel.m */,
				7B2197AF1B21410E00943D1D /* InstitutionModel.h */,
				7B2197B01B21410E00943D1D /* InstitutionModel.m */,
				7B21979A1B213BF100943D1D /* NoticeModel.h */,
				7B21979B1B213BF100943D1D /* NoticeModel.m */,
				7B2197A01B213D6900943D1D /* PromCommitteeModel.h */,
				7B2197A11B213D6900943D1D /* PromCommitteeModel.m */,
				7B2197A61B213E8500943D1D /* StudentModel.h */,
				7B2197A71B213E8500943D1D /* StudentModel.m */,
				7B2197B51B21444A00943D1D /* NeighborhoodModel.h */,
				7B2197B61B21444A00943D1D /* NeighborhoodModel.m */,
				7B2197B81B21449A00943D1D /* CityModel.h */,
				7B2197B91B21449A00943D1D /* CityModel.m */,
				7B2197BB1B21452800943D1D /* StateModel.h */,
				7B2197BC1B21452800943D1D /* StateModel.m */,
				7B2197BE1B2146B400943D1D /* BankSlipModel.h */,
				7B2197BF1B2146B400943D1D /* BankSlipModel.m */,
				7B2197C11B21470B00943D1D /* BankSlipTypeModel.h */,
				7B2197C21B21470B00943D1D /* BankSlipTypeModel.m */,
				7B2197C41B214A9000943D1D /* FundHasStudentModel.h */,
				7B2197C51B214A9000943D1D /* FundHasStudentModel.m */,
				7B2197C71B214C2D00943D1D /* DefaultingModel.h */,
				7B2197C81B214C2D00943D1D /* DefaultingModel.m */,
			);
			name = "Model Subclasses";
			sourceTree = "<group>";
		};
		7BEB29DD1B1EA30900FDFD18 = {
			isa = PBXGroup;
			children = (
				7BEB29E81B1EA30900FDFD18 /* Graduation Funds */,
				7BEB2A021B1EA30900FDFD18 /* Graduation FundsTests */,
				7BEB29E71B1EA30900FDFD18 /* Products */,
			);
			sourceTree = "<group>";
		};
		7BEB29E71B1EA30900FDFD18 /* Products */ = {
			isa = PBXGroup;
			children = (
				7BEB29E61B1EA30900FDFD18 /* Graduation Funds.app */,
				7BEB29FF1B1EA30900FDFD18 /* Graduation FundsTests.xctest */,
			);
			name = Products;
			sourceTree = "<group>";
		};
		7BEB29E81B1EA30900FDFD18 /* Graduation Funds */ = {
			isa = PBXGroup;
			children = (
				7B2197981B213BBA00943D1D /* Model */,
				7BEB29ED1B1EA30900FDFD18 /* AppDelegate.h */,
				7BEB29EE1B1EA30900FDFD18 /* AppDelegate.m */,
				7BEB29F01B1EA30900FDFD18 /* MainViewController.h */,
				7BEB29F11B1EA30900FDFD18 /* MainViewController.m */,
				7BEB29F31B1EA30900FDFD18 /* Main.storyboard */,
				7BEB29F61B1EA30900FDFD18 /* Images.xcassets */,
				7BEB29F81B1EA30900FDFD18 /* LaunchScreen.xib */,
				7BEB29E91B1EA30900FDFD18 /* Supporting Files */,
			);
			path = "Graduation Funds";
			sourceTree = "<group>";
		};
		7BEB29E91B1EA30900FDFD18 /* Supporting Files */ = {
			isa = PBXGroup;
			children = (
				7BEB29EA1B1EA30900FDFD18 /* Info.plist */,
				7BEB29EB1B1EA30900FDFD18 /* main.m */,
			);
			name = "Supporting Files";
			sourceTree = "<group>";
		};
		7BEB2A021B1EA30900FDFD18 /* Graduation FundsTests */ = {
			isa = PBXGroup;
			children = (
				7BEB2A051B1EA30900FDFD18 /* Graduation_FundsTests.m */,
				7BEB2A031B1EA30900FDFD18 /* Supporting Files */,
			);
			path = "Graduation FundsTests";
			sourceTree = "<group>";
		};
		7BEB2A031B1EA30900FDFD18 /* Supporting Files */ = {
			isa = PBXGroup;
			children = (
				7BEB2A041B1EA30900FDFD18 /* Info.plist */,
			);
			name = "Supporting Files";
			sourceTree = "<group>";
		};
/* End PBXGroup section */

/* Begin PBXNativeTarget section */
		7BEB29E51B1EA30900FDFD18 /* Graduation Funds */ = {
			isa = PBXNativeTarget;
			buildConfigurationList = 7BEB2A091B1EA30900FDFD18 /* Build configuration list for PBXNativeTarget "Graduation Funds" */;
			buildPhases = (
				7BEB29E21B1EA30900FDFD18 /* Sources */,
				7BEB29E31B1EA30900FDFD18 /* Frameworks */,
				7BEB29E41B1EA30900FDFD18 /* Resources */,
			);
			buildRules = (
			);
			dependencies = (
			);
			name = "Graduation Funds";
			productName = "Graduation Funds";
			productReference = 7BEB29E61B1EA30900FDFD18 /* Graduation Funds.app */;
			productType = "com.apple.product-type.application";
		};
		7BEB29FE1B1EA30900FDFD18 /* Graduation FundsTests */ = {
			isa = PBXNativeTarget;
			buildConfigurationList = 7BEB2A0C1B1EA30900FDFD18 /* Build configuration list for PBXNativeTarget "Graduation FundsTests" */;
			buildPhases = (
				7BEB29FB1B1EA30900FDFD18 /* Sources */,
				7BEB29FC1B1EA30900FDFD18 /* Frameworks */,
				7BEB29FD1B1EA30900FDFD18 /* Resources */,
			);
			buildRules = (
			);
			dependencies = (
				7BEB2A011B1EA30900FDFD18 /* PBXTargetDependency */,
			);
			name = "Graduation FundsTests";
			productName = "Graduation FundsTests";
			productReference = 7BEB29FF1B1EA30900FDFD18 /* Graduation FundsTests.xctest */;
			productType = "com.apple.product-type.bundle.unit-test";
		};
/* End PBXNativeTarget section */

/* Begin PBXProject section */
		7BEB29DE1B1EA30900FDFD18 /* Project object */ = {
			isa = PBXProject;
			attributes = {
				LastUpgradeCheck = 0630;
				ORGANIZATIONNAME = "Jhonathan Wyterlin";
				TargetAttributes = {
					7BEB29E51B1EA30900FDFD18 = {
						CreatedOnToolsVersion = 6.3.1;
					};
					7BEB29FE1B1EA30900FDFD18 = {
						CreatedOnToolsVersion = 6.3.1;
						TestTargetID = 7BEB29E51B1EA30900FDFD18;
					};
				};
			};
			buildConfigurationList = 7BEB29E11B1EA30900FDFD18 /* Build configuration list for PBXProject "Graduation Funds" */;
			compatibilityVersion = "Xcode 3.2";
			developmentRegion = English;
			hasScannedForEncodings = 0;
			knownRegions = (
				en,
				Base,
			);
			mainGroup = 7BEB29DD1B1EA30900FDFD18;
			productRefGroup = 7BEB29E71B1EA30900FDFD18 /* Products */;
			projectDirPath = "";
			projectRoot = "";
			targets = (
				7BEB29E51B1EA30900FDFD18 /* Graduation Funds */,
				7BEB29FE1B1EA30900FDFD18 /* Graduation FundsTests */,
			);
		};
/* End PBXProject section */

/* Begin PBXResourcesBuildPhase section */
		7BEB29E41B1EA30900FDFD18 /* Resources */ = {
			isa = PBXResourcesBuildPhase;
			buildActionMask = 2147483647;
			files = (
				7BEB29F51B1EA30900FDFD18 /* Main.storyboard in Resources */,
				7BEB29FA1B1EA30900FDFD18 /* LaunchScreen.xib in Resources */,
				7BEB29F71B1EA30900FDFD18 /* Images.xcassets in Resources */,
			);
			runOnlyForDeploymentPostprocessing = 0;
		};
		7BEB29FD1B1EA30900FDFD18 /* Resources */ = {
			isa = PBXResourcesBuildPhase;
			buildActionMask = 2147483647;
			files = (
			);
			runOnlyForDeploymentPostprocessing = 0;
		};
/* End PBXResourcesBuildPhase section */

/* Begin PBXSourcesBuildPhase section */
		7BEB29E21B1EA30900FDFD18 /* Sources */ = {
			isa = PBXSourcesBuildPhase;
			buildActionMask = 2147483647;
			files = (
				7BEB29F21B1EA30900FDFD18 /* MainViewController.m in Sources */,
				7B2197C61B214A9000943D1D /* FundHasStudentModel.m in Sources */,
				7B2197A81B213E8500943D1D /* StudentModel.m in Sources */,
				7B2197B41B2141A500943D1D /* CourseModel.m in Sources */,
				7B2197C31B21470B00943D1D /* BankSlipTypeModel.m in Sources */,
				7BEB29EF1B1EA30900FDFD18 /* AppDelegate.m in Sources */,
				7B2197BA1B21449A00943D1D /* CityModel.m in Sources */,
				7BFB13591B292C0B00E2E679 /* Model.xcdatamodeld in Sources */,
				7B21979F1B213CA800943D1D /* EventModel.m in Sources */,
				7B2197B71B21444A00943D1D /* NeighborhoodModel.m in Sources */,
				7BEB29EC1B1EA30900FDFD18 /* main.m in Sources */,
				7B2197C91B214C2D00943D1D /* DefaultingModel.m in Sources */,
				7B2197BD1B21452800943D1D /* StateModel.m in Sources */,
				7B2197AB1B213F2900943D1D /* DocumentModel.m in Sources */,
				7B21979C1B213BF100943D1D /* NoticeModel.m in Sources */,
				7B2197A21B213D6900943D1D /* PromCommitteeModel.m in Sources */,
				7B2197B11B21410E00943D1D /* InstitutionModel.m in Sources */,
				7B2197AE1B21403400943D1D /* FundModel.m in Sources */,
				7B2197A51B213DD800943D1D /* CommitteeRoleModel.m in Sources */,
				7B2197C01B2146B400943D1D /* BankSlipModel.m in Sources */,
			);
			runOnlyForDeploymentPostprocessing = 0;
		};
		7BEB29FB1B1EA30900FDFD18 /* Sources */ = {
			isa = PBXSourcesBuildPhase;
			buildActionMask = 2147483647;
			files = (
				7BEB2A061B1EA30900FDFD18 /* Graduation_FundsTests.m in Sources */,
			);
			runOnlyForDeploymentPostprocessing = 0;
		};
/* End PBXSourcesBuildPhase section */

/* Begin PBXTargetDependency section */
		7BEB2A011B1EA30900FDFD18 /* PBXTargetDependency */ = {
			isa = PBXTargetDependency;
			target = 7BEB29E51B1EA30900FDFD18 /* Graduation Funds */;
			targetProxy = 7BEB2A001B1EA30900FDFD18 /* PBXContainerItemProxy */;
		};
/* End PBXTargetDependency section */

/* Begin PBXVariantGroup section */
		7BEB29F31B1EA30900FDFD18 /* Main.storyboard */ = {
			isa = PBXVariantGroup;
			children = (
				7BEB29F41B1EA30900FDFD18 /* Base */,
			);
			name = Main.storyboard;
			sourceTree = "<group>";
		};
		7BEB29F81B1EA30900FDFD18 /* LaunchScreen.xib */ = {
			isa = PBXVariantGroup;
			children = (
				7BEB29F91B1EA30900FDFD18 /* Base */,
			);
			name = LaunchScreen.xib;
			sourceTree = "<group>";
		};
/* End PBXVariantGroup section */

/* Begin XCBuildConfiguration section */
		7BEB2A071B1EA30900FDFD18 /* Debug */ = {
			isa = XCBuildConfiguration;
			buildSettings = {
				ALWAYS_SEARCH_USER_PATHS = NO;
				CLANG_CXX_LANGUAGE_STANDARD = "gnu++0x";
				CLANG_CXX_LIBRARY = "libc++";
				CLANG_ENABLE_MODULES = YES;
				CLANG_ENABLE_OBJC_ARC = YES;
				CLANG_WARN_BOOL_CONVERSION = YES;
				CLANG_WARN_CONSTANT_CONVERSION = YES;
				CLANG_WARN_DIRECT_OBJC_ISA_USAGE = YES_ERROR;
				CLANG_WARN_EMPTY_BODY = YES;
				CLANG_WARN_ENUM_CONVERSION = YES;
				CLANG_WARN_INT_CONVERSION = YES;
				CLANG_WARN_OBJC_ROOT_CLASS = YES_ERROR;
				CLANG_WARN_UNREACHABLE_CODE = YES;
				CLANG_WARN__DUPLICATE_METHOD_MATCH = YES;
				"CODE_SIGN_IDENTITY[sdk=iphoneos*]" = "iPhone Developer";
				COPY_PHASE_STRIP = NO;
				DEBUG_INFORMATION_FORMAT = "dwarf-with-dsym";
				ENABLE_STRICT_OBJC_MSGSEND = YES;
				GCC_C_LANGUAGE_STANDARD = gnu99;
				GCC_DYNAMIC_NO_PIC = NO;
				GCC_NO_COMMON_BLOCKS = YES;
				GCC_OPTIMIZATION_LEVEL = 0;
				GCC_PREPROCESSOR_DEFINITIONS = (
					"DEBUG=1",
					"$(inherited)",
				);
				GCC_SYMBOLS_PRIVATE_EXTERN = NO;
				GCC_WARN_64_TO_32_BIT_CONVERSION = YES;
				GCC_WARN_ABOUT_RETURN_TYPE = YES_ERROR;
				GCC_WARN_UNDECLARED_SELECTOR = YES;
				GCC_WARN_UNINITIALIZED_AUTOS = YES_AGGRESSIVE;
				GCC_WARN_UNUSED_FUNCTION = YES;
				GCC_WARN_UNUSED_VARIABLE = YES;
				IPHONEOS_DEPLOYMENT_TARGET = 8.3;
				MTL_ENABLE_DEBUG_INFO = YES;
				ONLY_ACTIVE_ARCH = YES;
				SDKROOT = iphoneos;
			};
			name = Debug;
		};
		7BEB2A081B1EA30900FDFD18 /* Release */ = {
			isa = XCBuildConfiguration;
			buildSettings = {
				ALWAYS_SEARCH_USER_PATHS = NO;
				CLANG_CXX_LANGUAGE_STANDARD = "gnu++0x";
				CLANG_CXX_LIBRARY = "libc++";
				CLANG_ENABLE_MODULES = YES;
				CLANG_ENABLE_OBJC_ARC = YES;
				CLANG_WARN_BOOL_CONVERSION = YES;
				CLANG_WARN_CONSTANT_CONVERSION = YES;
				CLANG_WARN_DIRECT_OBJC_ISA_USAGE = YES_ERROR;
				CLANG_WARN_EMPTY_BODY = YES;
				CLANG_WARN_ENUM_CONVERSION = YES;
				CLANG_WARN_INT_CONVERSION = YES;
				CLANG_WARN_OBJC_ROOT_CLASS = YES_ERROR;
				CLANG_WARN_UNREACHABLE_CODE = YES;
				CLANG_WARN__DUPLICATE_METHOD_MATCH = YES;
				"CODE_SIGN_IDENTITY[sdk=iphoneos*]" = "iPhone Developer";
				COPY_PHASE_STRIP = NO;
				DEBUG_INFORMATION_FORMAT = "dwarf-with-dsym";
				ENABLE_NS_ASSERTIONS = NO;
				ENABLE_STRICT_OBJC_MSGSEND = YES;
				GCC_C_LANGUAGE_STANDARD = gnu99;
				GCC_NO_COMMON_BLOCKS = YES;
				GCC_WARN_64_TO_32_BIT_CONVERSION = YES;
				GCC_WARN_ABOUT_RETURN_TYPE = YES_ERROR;
				GCC_WARN_UNDECLARED_SELECTOR = YES;
				GCC_WARN_UNINITIALIZED_AUTOS = YES_AGGRESSIVE;
				GCC_WARN_UNUSED_FUNCTION = YES;
				GCC_WARN_UNUSED_VARIABLE = YES;
				IPHONEOS_DEPLOYMENT_TARGET = 8.3;
				MTL_ENABLE_DEBUG_INFO = NO;
				SDKROOT = iphoneos;
				VALIDATE_PRODUCT = YES;
			};
			name = Release;
		};
		7BEB2A0A1B1EA30900FDFD18 /* Debug */ = {
			isa = XCBuildConfiguration;
			buildSettings = {
				ASSETCATALOG_COMPILER_APPICON_NAME = AppIcon;
				INFOPLIST_FILE = "Graduation Funds/Info.plist";
				LD_RUNPATH_SEARCH_PATHS = "$(inherited) @executable_path/Frameworks";
				PRODUCT_NAME = "$(TARGET_NAME)";
			};
			name = Debug;
		};
		7BEB2A0B1B1EA30900FDFD18 /* Release */ = {
			isa = XCBuildConfiguration;
			buildSettings = {
				ASSETCATALOG_COMPILER_APPICON_NAME = AppIcon;
				INFOPLIST_FILE = "Graduation Funds/Info.plist";
				LD_RUNPATH_SEARCH_PATHS = "$(inherited) @executable_path/Frameworks";
				PRODUCT_NAME = "$(TARGET_NAME)";
			};
			name = Release;
		};
		7BEB2A0D1B1EA30900FDFD18 /* Debug */ = {
			isa = XCBuildConfiguration;
			buildSettings = {
				BUNDLE_LOADER = "$(TEST_HOST)";
				FRAMEWORK_SEARCH_PATHS = (
					"$(SDKROOT)/Developer/Library/Frameworks",
					"$(inherited)",
				);
				GCC_PREPROCESSOR_DEFINITIONS = (
					"DEBUG=1",
					"$(inherited)",
				);
				INFOPLIST_FILE = "Graduation FundsTests/Info.plist";
				LD_RUNPATH_SEARCH_PATHS = "$(inherited) @executable_path/Frameworks @loader_path/Frameworks";
				PRODUCT_NAME = "$(TARGET_NAME)";
				TEST_HOST = "$(BUILT_PRODUCTS_DIR)/Graduation Funds.app/Graduation Funds";
			};
			name = Debug;
		};
		7BEB2A0E1B1EA30900FDFD18 /* Release */ = {
			isa = XCBuildConfiguration;
			buildSettings = {
				BUNDLE_LOADER = "$(TEST_HOST)";
				FRAMEWORK_SEARCH_PATHS = (
					"$(SDKROOT)/Developer/Library/Frameworks",
					"$(inherited)",
				);
				INFOPLIST_FILE = "Graduation FundsTests/Info.plist";
				LD_RUNPATH_SEARCH_PATHS = "$(inherited) @executable_path/Frameworks @loader_path/Frameworks";
				PRODUCT_NAME = "$(TARGET_NAME)";
				TEST_HOST = "$(BUILT_PRODUCTS_DIR)/Graduation Funds.app/Graduation Funds";
			};
			name = Release;
		};
/* End XCBuildConfiguration section */

/* Begin XCConfigurationList section */
		7BEB29E11B1EA30900FDFD18 /* Build configuration list for PBXProject "Graduation Funds" */ = {
			isa = XCConfigurationList;
			buildConfigurations = (
				7BEB2A071B1EA30900FDFD18 /* Debug */,
				7BEB2A081B1EA30900FDFD18 /* Release */,
			);
			defaultConfigurationIsVisible = 0;
			defaultConfigurationName = Release;
		};
		7BEB2A091B1EA30900FDFD18 /* Build configuration list for PBXNativeTarget "Graduation Funds" */ = {
			isa = XCConfigurationList;
			buildConfigurations = (
				7BEB2A0A1B1EA30900FDFD18 /* Debug */,
				7BEB2A0B1B1EA30900FDFD18 /* Release */,
			);
			defaultConfigurationIsVisible = 0;
			defaultConfigurationName = Release;
		};
		7BEB2A0C1B1EA30900FDFD18 /* Build configuration list for PBXNativeTarget "Graduation FundsTests" */ = {
			isa = XCConfigurationList;
			buildConfigurations = (
				7BEB2A0D1B1EA30900FDFD18 /* Debug */,
				7BEB2A0E1B1EA30900FDFD18 /* Release */,
			);
			defaultConfigurationIsVisible = 0;
			defaultConfigurationName = Release;
		};
/* End XCConfigurationList section */

/* Begin XCVersionGroup section */
		7BFB13571B292C0B00E2E679 /* Model.xcdatamodeld */ = {
			isa = XCVersionGroup;
			children = (
				7BFB13581B292C0B00E2E679 /* Model.xcdatamodel */,
			);
			currentVersion = 7BFB13581B292C0B00E2E679 /* Model.xcdatamodel */;
			name = Model.xcdatamodeld;
			path = Model/Model.xcdatamodeld;
			sourceTree = "<group>";
			versionGroupType = wrapper.xcdatamodel;
		};
/* End XCVersionGroup section */
	};
	rootObject = 7BEB29DE1B1EA30900FDFD18 /* Project object */;
}
